
Microsoft Visual Studio Solution File, Format Version 12.00
# Visual Studio Version 17
VisualStudioVersion = 17.12.35527.113
MinimumVisualStudioVersion = 10.0.40219.1
Project("{FAE04EC0-301F-11D3-BF4B-00C04F79EFBC}") = "AssignmentManagement.Core", "AssignmentManagement.Core\AssignmentManagement.Core.csproj", "{9B0DDEBB-845E-4135-92F6-B2B3D65BBB44}"
EndProject
Project("{FAE04EC0-301F-11D3-BF4B-00C04F79EFBC}") = "AssignmentManagement.Tests", "AssignmentManagement.Tests\AssignmentManagement.Tests.csproj", "{49B391E7-489C-4F2D-A786-D509EFBF1081}"
EndProject
Project("{FAE04EC0-301F-11D3-BF4B-00C04F79EFBC}") = "AssignmentManagement.ConsoleUI", "AssignmentManagement.ConsoleUI\AssignmentManagement.ConsoleUI.csproj", "{6D0F36CB-EA3D-4E58-8E7E-2AAFBFD50462}"
EndProject
Global
	GlobalSection(SolutionConfigurationPlatforms) = preSolution
		Debug|Any CPU = Debug|Any CPU
		Release|Any CPU = Release|Any CPU
	EndGlobalSection
	GlobalSection(ProjectConfigurationPlatforms) = postSolution
		{9B0DDEBB-845E-4135-92F6-B2B3D65BBB44}.Debug|Any CPU.ActiveCfg = Debug|Any CPU
		{9B0DDEBB-845E-4135-92F6-B2B3D65BBB44}.Debug|Any CPU.Build.0 = Debug|Any CPU
		{9B0DDEBB-845E-4135-92F6-B2B3D65BBB44}.Release|Any CPU.ActiveCfg = Release|Any CPU
		{9B0DDEBB-845E-4135-92F6-B2B3D65BBB44}.Release|Any CPU.Build.0 = Release|Any CPU
		{49B391E7-489C-4F2D-A786-D509EFBF1081}.Debug|Any CPU.ActiveCfg = Debug|Any CPU
		{49B391E7-489C-4F2D-A786-D509EFBF1081}.Debug|Any CPU.Build.0 = Debug|Any CPU
		{49B391E7-489C-4F2D-A786-D509EFBF1081}.Release|Any CPU.ActiveCfg = Release|Any CPU
		{49B391E7-489C-4F2D-A786-D509EFBF1081}.Release|Any CPU.Build.0 = Release|Any CPU
		{6D0F36CB-EA3D-4E58-8E7E-2AAFBFD50462}.Debug|Any CPU.ActiveCfg = Debug|Any CPU
		{6D0F36CB-EA3D-4E58-8E7E-2AAFBFD50462}.Debug|Any CPU.Build.0 = Debug|Any CPU
		{6D0F36CB-EA3D-4E58-8E7E-2AAFBFD50462}.Release|Any CPU.ActiveCfg = Release|Any CPU
		{6D0F36CB-EA3D-4E58-8E7E-2AAFBFD50462}.Release|Any CPU.Build.0 = Release|Any CPU
	EndGlobalSection
	GlobalSection(SolutionProperties) = preSolution
		HideSolutionNode = FALSE
	EndGlobalSection
EndGlobal
