
Microsoft Visual Studio Solution File, Format Version 12.00
# Visual Studio Version 17
VisualStudioVersion = 17.12.35527.113
MinimumVisualStudioVersion = 10.0.40219.1
Project("{FAE04EC0-301F-11D3-BF4B-00C04F79EFBC}") = "AssignmentManagement.Core", "AssignmentManagement.Core\AssignmentManagement.Core.csproj", "{9B0DDEBB-845E-4135-92F6-B2B3D65BBB44}"
EndProject
Project("{FAE04EC0-301F-11D3-BF4B-00C04F79EFBC}") = "AssignmentManagement.Tests", "AssignmentManagement.Tests\AssignmentManagement.Tests.csproj", "{49B391E7-489C-4F2D-A786-D509EFBF1081}"
EndProject
Project("{FAE04EC0-301F-11D3-BF4B-00C04F79EFBC}") = "AssignmentManagement.API", "AssignmentManagement.API\AssignmentManagement.API.csproj", "{3012A23E-666C-429E-8F11-AECCF6DC75AB}"
EndProject
Project("{FAE04EC0-301F-11D3-BF4B-00C04F79EFBC}") = "AssignmentManagement.API.Tests", "AssignmentManagement.API.Tests\AssignmentManagement.API.Tests.csproj", "{DE425D5D-27B6-4B35-98A3-1E38C45F1537}"
EndProject
Project("{2150E333-8FDC-42A3-9474-1A3956D46DE8}") = "Solution Items", "Solution Items", "{AD70010D-5FB7-46D9-948A-547F2BE71B22}"
	ProjectSection(SolutionItems) = preProject
		Reflection_Week6.txt = Reflection_Week6.txt
		DeveloperNotes.txt = DeveloperNotes.txt
	EndProjectSection
EndProject
Project("{FAE04EC0-301F-11D3-BF4B-00C04F79EFBC}") = "AssignmentManagement.UI", "AssignmentManagement.UI\AssignmentManagement.UI.csproj", "{DA82652F-FEC3-4EA7-9766-18D7D491DEB4}"
EndProject
Project("{FAE04EC0-301F-11D3-BF4B-00C04F79EFBC}") = "AssignmentManagement.Console", "AssignmentManagement.Console\AssignmentManagement.Console.csproj", "{7068E1B9-EA8B-4C29-BE3B-3E85DEE5F396}"
EndProject
Global
	GlobalSection(SolutionConfigurationPlatforms) = preSolution
		Debug|Any CPU = Debug|Any CPU
		Release|Any CPU = Release|Any CPU
	EndGlobalSection
	GlobalSection(ProjectConfigurationPlatforms) = postSolution
		{9B0DDEBB-845E-4135-92F6-B2B3D65BBB44}.Debug|Any CPU.ActiveCfg = Debug|Any CPU
		{9B0DDEBB-845E-4135-92F6-B2B3D65BBB44}.Debug|Any CPU.Build.0 = Debug|Any CPU
		{9B0DDEBB-845E-4135-92F6-B2B3D65BBB44}.Release|Any CPU.ActiveCfg = Release|Any CPU
		{9B0DDEBB-845E-4135-92F6-B2B3D65BBB44}.Release|Any CPU.Build.0 = Release|Any CPU
		{49B391E7-489C-4F2D-A786-D509EFBF1081}.Debug|Any CPU.ActiveCfg = Debug|Any CPU
		{49B391E7-489C-4F2D-A786-D509EFBF1081}.Debug|Any CPU.Build.0 = Debug|Any CPU
		{49B391E7-489C-4F2D-A786-D509EFBF1081}.Release|Any CPU.ActiveCfg = Release|Any CPU
		{49B391E7-489C-4F2D-A786-D509EFBF1081}.Release|Any CPU.Build.0 = Release|Any CPU
		{3012A23E-666C-429E-8F11-AECCF6DC75AB}.Debug|Any CPU.ActiveCfg = Debug|Any CPU
		{3012A23E-666C-429E-8F11-AECCF6DC75AB}.Debug|Any CPU.Build.0 = Debug|Any CPU
		{3012A23E-666C-429E-8F11-AECCF6DC75AB}.Release|Any CPU.ActiveCfg = Release|Any CPU
		{3012A23E-666C-429E-8F11-AECCF6DC75AB}.Release|Any CPU.Build.0 = Release|Any CPU
		{DE425D5D-27B6-4B35-98A3-1E38C45F1537}.Debug|Any CPU.ActiveCfg = Debug|Any CPU
		{DE425D5D-27B6-4B35-98A3-1E38C45F1537}.Debug|Any CPU.Build.0 = Debug|Any CPU
		{DE425D5D-27B6-4B35-98A3-1E38C45F1537}.Release|Any CPU.ActiveCfg = Release|Any CPU
		{DE425D5D-27B6-4B35-98A3-1E38C45F1537}.Release|Any CPU.Build.0 = Release|Any CPU
		{DA82652F-FEC3-4EA7-9766-18D7D491DEB4}.Debug|Any CPU.ActiveCfg = Debug|Any CPU
		{DA82652F-FEC3-4EA7-9766-18D7D491DEB4}.Debug|Any CPU.Build.0 = Debug|Any CPU
		{DA82652F-FEC3-4EA7-9766-18D7D491DEB4}.Release|Any CPU.ActiveCfg = Release|Any CPU
		{DA82652F-FEC3-4EA7-9766-18D7D491DEB4}.Release|Any CPU.Build.0 = Release|Any CPU
		{7068E1B9-EA8B-4C29-BE3B-3E85DEE5F396}.Debug|Any CPU.ActiveCfg = Debug|Any CPU
		{7068E1B9-EA8B-4C29-BE3B-3E85DEE5F396}.Debug|Any CPU.Build.0 = Debug|Any CPU
		{7068E1B9-EA8B-4C29-BE3B-3E85DEE5F396}.Release|Any CPU.ActiveCfg = Release|Any CPU
		{7068E1B9-EA8B-4C29-BE3B-3E85DEE5F396}.Release|Any CPU.Build.0 = Release|Any CPU
	EndGlobalSection
	GlobalSection(SolutionProperties) = preSolution
		HideSolutionNode = FALSE
	EndGlobalSection
EndGlobal
